// !$*UTF8*$!
{
	archiveVersion = 1;
	classes = {
	};
	objectVersion = 46;
	objects = {

/* Begin PBXBuildFile section */
		1591A824E2414690C37B2ECC /* Pods_AutoTextUITests.framework in Frameworks */ = {isa = PBXBuildFile; fileRef = 8AB9248D988DE851919D8B30 /* Pods_AutoTextUITests.framework */; };
		BBD4B00CE494D178A0D85078 /* Pods_AutoTextTests.framework in Frameworks */ = {isa = PBXBuildFile; fileRef = C34E6C026C0397693E49F563 /* Pods_AutoTextTests.framework */; };
		D87B50A51EFF281D00404EEB /* ServerTools.swift in Sources */ = {isa = PBXBuildFile; fileRef = D87B50A41EFF281D00404EEB /* ServerTools.swift */; };
		D88D9F381EFF17CF003F3F8F /* AppDelegate.swift in Sources */ = {isa = PBXBuildFile; fileRef = D88D9F371EFF17CF003F3F8F /* AppDelegate.swift */; };
		D88D9F3A1EFF17CF003F3F8F /* FirstViewController.swift in Sources */ = {isa = PBXBuildFile; fileRef = D88D9F391EFF17CF003F3F8F /* FirstViewController.swift */; };
		D88D9F3C1EFF17CF003F3F8F /* SecondViewController.swift in Sources */ = {isa = PBXBuildFile; fileRef = D88D9F3B1EFF17CF003F3F8F /* SecondViewController.swift */; };
		D88D9F3F1EFF17CF003F3F8F /* Main.storyboard in Resources */ = {isa = PBXBuildFile; fileRef = D88D9F3D1EFF17CF003F3F8F /* Main.storyboard */; };
		D88D9F411EFF17CF003F3F8F /* Assets.xcassets in Resources */ = {isa = PBXBuildFile; fileRef = D88D9F401EFF17CF003F3F8F /* Assets.xcassets */; };
		D88D9F441EFF17CF003F3F8F /* LaunchScreen.storyboard in Resources */ = {isa = PBXBuildFile; fileRef = D88D9F421EFF17CF003F3F8F /* LaunchScreen.storyboard */; };
		D88D9F4F1EFF17CF003F3F8F /* AutoTextTests.swift in Sources */ = {isa = PBXBuildFile; fileRef = D88D9F4E1EFF17CF003F3F8F /* AutoTextTests.swift */; };
		D88D9F5A1EFF17CF003F3F8F /* AutoTextUITests.swift in Sources */ = {isa = PBXBuildFile; fileRef = D88D9F591EFF17CF003F3F8F /* AutoTextUITests.swift */; };
		D8A46FCC1EFF321E0000BCBF /* QuestionViewController.swift in Sources */ = {isa = PBXBuildFile; fileRef = D8A46FCB1EFF321E0000BCBF /* QuestionViewController.swift */; };
		D8A46FD41EFF45300000BCBF /* QuestionTableViewCell.swift in Sources */ = {isa = PBXBuildFile; fileRef = D8A46FD21EFF45300000BCBF /* QuestionTableViewCell.swift */; };
		D8A46FD51EFF45300000BCBF /* QuestionTableViewCell.xib in Resources */ = {isa = PBXBuildFile; fileRef = D8A46FD31EFF45300000BCBF /* QuestionTableViewCell.xib */; };
		D8A4984A1EFF58F300F88273 /* boy in Resources */ = {isa = PBXBuildFile; fileRef = D8A498471EFF58F300F88273 /* boy */; };
		D8A4984B1EFF58F300F88273 /* girl in Resources */ = {isa = PBXBuildFile; fileRef = D8A498481EFF58F300F88273 /* girl */; };
		D8A4984C1EFF58F300F88273 /* girl2 in Resources */ = {isa = PBXBuildFile; fileRef = D8A498491EFF58F300F88273 /* girl2 */; };
		D8A498541EFF9F9C00F88273 /* ChatViewController.swift in Sources */ = {isa = PBXBuildFile; fileRef = D8A498521EFF9F9C00F88273 /* ChatViewController.swift */; };
		D8A498551EFF9F9C00F88273 /* ChatViewController.xib in Resources */ = {isa = PBXBuildFile; fileRef = D8A498531EFF9F9C00F88273 /* ChatViewController.xib */; };
		D8A498571EFFA82700F88273 /* FakeMessageSender.swift in Sources */ = {isa = PBXBuildFile; fileRef = D8A498561EFFA82700F88273 /* FakeMessageSender.swift */; };
		D8A498591EFFA83000F88273 /* FakeDataSource.swift in Sources */ = {isa = PBXBuildFile; fileRef = D8A498581EFFA83000F88273 /* FakeDataSource.swift */; };
		D8A4985C1EFFA8A500F88273 /* ChatItemsDemoDecorator.swift in Sources */ = {isa = PBXBuildFile; fileRef = D8A4985B1EFFA8A500F88273 /* ChatItemsDemoDecorator.swift */; };
		D8A4985E1EFFA8A800F88273 /* DemoTextMessageViewModel.swift in Sources */ = {isa = PBXBuildFile; fileRef = D8A4985D1EFFA8A800F88273 /* DemoTextMessageViewModel.swift */; };
		D8A498621EFFA8D700F88273 /* DemoPhotoMessageHandler.swift in Sources */ = {isa = PBXBuildFile; fileRef = D8A4985F1EFFA8D700F88273 /* DemoPhotoMessageHandler.swift */; };
		D8A498631EFFA8D700F88273 /* DemoPhotoMessageModel.swift in Sources */ = {isa = PBXBuildFile; fileRef = D8A498601EFFA8D700F88273 /* DemoPhotoMessageModel.swift */; };
		D8A498641EFFA8D700F88273 /* DemoPhotoMessageViewModel.swift in Sources */ = {isa = PBXBuildFile; fileRef = D8A498611EFFA8D700F88273 /* DemoPhotoMessageViewModel.swift */; };
		D8A498661EFFA8DA00F88273 /* BaseMessageCollectionViewCellAvatarStyle.swift in Sources */ = {isa = PBXBuildFile; fileRef = D8A498651EFFA8DA00F88273 /* BaseMessageCollectionViewCellAvatarStyle.swift */; };
		D8A498681EFFA8DD00F88273 /* DemoTextMessageHandler.swift in Sources */ = {isa = PBXBuildFile; fileRef = D8A498671EFFA8DD00F88273 /* DemoTextMessageHandler.swift */; };
		D8A4986A1EFFA90900F88273 /* DemoTextMessageModel.swift in Sources */ = {isa = PBXBuildFile; fileRef = D8A498691EFFA90900F88273 /* DemoTextMessageModel.swift */; };
		D8A4986E1EFFA90C00F88273 /* TimeSeparatorModel.swift in Sources */ = {isa = PBXBuildFile; fileRef = D8A4986B1EFFA90C00F88273 /* TimeSeparatorModel.swift */; };
		D8A4986F1EFFA90C00F88273 /* TimeSeparatorPresenter.swift in Sources */ = {isa = PBXBuildFile; fileRef = D8A4986C1EFFA90C00F88273 /* TimeSeparatorPresenter.swift */; };
		D8A498701EFFA90C00F88273 /* TimeSeparatorCollectionViewCell.swift in Sources */ = {isa = PBXBuildFile; fileRef = D8A4986D1EFFA90C00F88273 /* TimeSeparatorCollectionViewCell.swift */; };
		D8A498721EFFA93300F88273 /* BaseMessageHandler.swift in Sources */ = {isa = PBXBuildFile; fileRef = D8A498711EFFA93300F88273 /* BaseMessageHandler.swift */; };
		D8A498761EFFA96300F88273 /* SendingStatusCollectionViewCell.swift in Sources */ = {isa = PBXBuildFile; fileRef = D8A498731EFFA96300F88273 /* SendingStatusCollectionViewCell.swift */; };
		D8A498771EFFA96300F88273 /* SendingStatusCollectionViewCell.xib in Resources */ = {isa = PBXBuildFile; fileRef = D8A498741EFFA96300F88273 /* SendingStatusCollectionViewCell.xib */; };
		D8A498781EFFA96300F88273 /* SendingStatusPresenter.swift in Sources */ = {isa = PBXBuildFile; fileRef = D8A498751EFFA96300F88273 /* SendingStatusPresenter.swift */; };
		D8A4987A1EFFAB8C00F88273 /* FakeMessageFactory.swift in Sources */ = {isa = PBXBuildFile; fileRef = D8A498791EFFAB8C00F88273 /* FakeMessageFactory.swift */; };
		D8A4987C1EFFAB9E00F88273 /* SlidingDatasSource.swift in Sources */ = {isa = PBXBuildFile; fileRef = D8A4987B1EFFAB9E00F88273 /* SlidingDatasSource.swift */; };
		E8C7D33D566C75A2E23F8468 /* Pods_AutoText.framework in Frameworks */ = {isa = PBXBuildFile; fileRef = 0504B9BDA8259BC6D7B36619 /* Pods_AutoText.framework */; };
/* End PBXBuildFile section */

/* Begin PBXContainerItemProxy section */
		D88D9F4B1EFF17CF003F3F8F /* PBXContainerItemProxy */ = {
			isa = PBXContainerItemProxy;
			containerPortal = D88D9F2C1EFF17CF003F3F8F /* Project object */;
			proxyType = 1;
			remoteGlobalIDString = D88D9F331EFF17CF003F3F8F;
			remoteInfo = AutoText;
		};
		D88D9F561EFF17CF003F3F8F /* PBXContainerItemProxy */ = {
			isa = PBXContainerItemProxy;
			containerPortal = D88D9F2C1EFF17CF003F3F8F /* Project object */;
			proxyType = 1;
			remoteGlobalIDString = D88D9F331EFF17CF003F3F8F;
			remoteInfo = AutoText;
		};
/* End PBXContainerItemProxy section */

/* Begin PBXFileReference section */
		0504B9BDA8259BC6D7B36619 /* Pods_AutoText.framework */ = {isa = PBXFileReference; explicitFileType = wrapper.framework; includeInIndex = 0; path = Pods_AutoText.framework; sourceTree = BUILT_PRODUCTS_DIR; };
		5A6AD7038EDAF871D3AD2DC8 /* Pods-AutoText.release.xcconfig */ = {isa = PBXFileReference; includeInIndex = 1; lastKnownFileType = text.xcconfig; name = "Pods-AutoText.release.xcconfig"; path = "Pods/Target Support Files/Pods-AutoText/Pods-AutoText.release.xcconfig"; sourceTree = "<group>"; };
		610C50AE412ED558FB843D5B /* Pods-AutoTextTests.debug.xcconfig */ = {isa = PBXFileReference; includeInIndex = 1; lastKnownFileType = text.xcconfig; name = "Pods-AutoTextTests.debug.xcconfig"; path = "Pods/Target Support Files/Pods-AutoTextTests/Pods-AutoTextTests.debug.xcconfig"; sourceTree = "<group>"; };
		88D8CB75794345DE39138439 /* Pods-AutoTextUITests.debug.xcconfig */ = {isa = PBXFileReference; includeInIndex = 1; lastKnownFileType = text.xcconfig; name = "Pods-AutoTextUITests.debug.xcconfig"; path = "Pods/Target Support Files/Pods-AutoTextUITests/Pods-AutoTextUITests.debug.xcconfig"; sourceTree = "<group>"; };
		89FB7B7B27D42392F7EDAABE /* Pods-AutoTextTests.release.xcconfig */ = {isa = PBXFileReference; includeInIndex = 1; lastKnownFileType = text.xcconfig; name = "Pods-AutoTextTests.release.xcconfig"; path = "Pods/Target Support Files/Pods-AutoTextTests/Pods-AutoTextTests.release.xcconfig"; sourceTree = "<group>"; };
		8AB9248D988DE851919D8B30 /* Pods_AutoTextUITests.framework */ = {isa = PBXFileReference; explicitFileType = wrapper.framework; includeInIndex = 0; path = Pods_AutoTextUITests.framework; sourceTree = BUILT_PRODUCTS_DIR; };
		ACD074DCBC93B0E7DF25A187 /* Pods-AutoTextUITests.release.xcconfig */ = {isa = PBXFileReference; includeInIndex = 1; lastKnownFileType = text.xcconfig; name = "Pods-AutoTextUITests.release.xcconfig"; path = "Pods/Target Support Files/Pods-AutoTextUITests/Pods-AutoTextUITests.release.xcconfig"; sourceTree = "<group>"; };
		B9A3905FF09E87F8E7D776B2 /* Pods-AutoText.debug.xcconfig */ = {isa = PBXFileReference; includeInIndex = 1; lastKnownFileType = text.xcconfig; name = "Pods-AutoText.debug.xcconfig"; path = "Pods/Target Support Files/Pods-AutoText/Pods-AutoText.debug.xcconfig"; sourceTree = "<group>"; };
		C34E6C026C0397693E49F563 /* Pods_AutoTextTests.framework */ = {isa = PBXFileReference; explicitFileType = wrapper.framework; includeInIndex = 0; path = Pods_AutoTextTests.framework; sourceTree = BUILT_PRODUCTS_DIR; };
		D87B50A41EFF281D00404EEB /* ServerTools.swift */ = {isa = PBXFileReference; fileEncoding = 4; lastKnownFileType = sourcecode.swift; name = ServerTools.swift; path = ../ServerTools.swift; sourceTree = "<group>"; };
		D88D9F341EFF17CF003F3F8F /* AutoText.app */ = {isa = PBXFileReference; explicitFileType = wrapper.application; includeInIndex = 0; path = AutoText.app; sourceTree = BUILT_PRODUCTS_DIR; };
		D88D9F371EFF17CF003F3F8F /* AppDelegate.swift */ = {isa = PBXFileReference; lastKnownFileType = sourcecode.swift; path = AppDelegate.swift; sourceTree = "<group>"; };
		D88D9F391EFF17CF003F3F8F /* FirstViewController.swift */ = {isa = PBXFileReference; lastKnownFileType = sourcecode.swift; path = FirstViewController.swift; sourceTree = "<group>"; };
		D88D9F3B1EFF17CF003F3F8F /* SecondViewController.swift */ = {isa = PBXFileReference; lastKnownFileType = sourcecode.swift; path = SecondViewController.swift; sourceTree = "<group>"; };
		D88D9F3E1EFF17CF003F3F8F /* Base */ = {isa = PBXFileReference; lastKnownFileType = file.storyboard; name = Base; path = Base.lproj/Main.storyboard; sourceTree = "<group>"; };
		D88D9F401EFF17CF003F3F8F /* Assets.xcassets */ = {isa = PBXFileReference; lastKnownFileType = folder.assetcatalog; path = Assets.xcassets; sourceTree = "<group>"; };
		D88D9F431EFF17CF003F3F8F /* Base */ = {isa = PBXFileReference; lastKnownFileType = file.storyboard; name = Base; path = Base.lproj/LaunchScreen.storyboard; sourceTree = "<group>"; };
		D88D9F451EFF17CF003F3F8F /* Info.plist */ = {isa = PBXFileReference; lastKnownFileType = text.plist.xml; path = Info.plist; sourceTree = "<group>"; };
		D88D9F4A1EFF17CF003F3F8F /* AutoTextTests.xctest */ = {isa = PBXFileReference; explicitFileType = wrapper.cfbundle; includeInIndex = 0; path = AutoTextTests.xctest; sourceTree = BUILT_PRODUCTS_DIR; };
		D88D9F4E1EFF17CF003F3F8F /* AutoTextTests.swift */ = {isa = PBXFileReference; lastKnownFileType = sourcecode.swift; path = AutoTextTests.swift; sourceTree = "<group>"; };
		D88D9F501EFF17CF003F3F8F /* Info.plist */ = {isa = PBXFileReference; lastKnownFileType = text.plist.xml; path = Info.plist; sourceTree = "<group>"; };
		D88D9F551EFF17CF003F3F8F /* AutoTextUITests.xctest */ = {isa = PBXFileReference; explicitFileType = wrapper.cfbundle; includeInIndex = 0; path = AutoTextUITests.xctest; sourceTree = BUILT_PRODUCTS_DIR; };
		D88D9F591EFF17CF003F3F8F /* AutoTextUITests.swift */ = {isa = PBXFileReference; lastKnownFileType = sourcecode.swift; path = AutoTextUITests.swift; sourceTree = "<group>"; };
		D88D9F5B1EFF17CF003F3F8F /* Info.plist */ = {isa = PBXFileReference; lastKnownFileType = text.plist.xml; path = Info.plist; sourceTree = "<group>"; };
		D8A46FCB1EFF321E0000BCBF /* QuestionViewController.swift */ = {isa = PBXFileReference; fileEncoding = 4; lastKnownFileType = sourcecode.swift; path = QuestionViewController.swift; sourceTree = "<group>"; };
		D8A46FD21EFF45300000BCBF /* QuestionTableViewCell.swift */ = {isa = PBXFileReference; fileEncoding = 4; lastKnownFileType = sourcecode.swift; name = QuestionTableViewCell.swift; path = ../QuestionTableViewCell.swift; sourceTree = "<group>"; };
		D8A46FD31EFF45300000BCBF /* QuestionTableViewCell.xib */ = {isa = PBXFileReference; fileEncoding = 4; lastKnownFileType = file.xib; name = QuestionTableViewCell.xib; path = ../QuestionTableViewCell.xib; sourceTree = "<group>"; };
		D8A498471EFF58F300F88273 /* boy */ = {isa = PBXFileReference; lastKnownFileType = file; path = boy; sourceTree = "<group>"; };
		D8A498481EFF58F300F88273 /* girl */ = {isa = PBXFileReference; lastKnownFileType = file; path = girl; sourceTree = "<group>"; };
		D8A498491EFF58F300F88273 /* girl2 */ = {isa = PBXFileReference; lastKnownFileType = file; path = girl2; sourceTree = "<group>"; };
		D8A498521EFF9F9C00F88273 /* ChatViewController.swift */ = {isa = PBXFileReference; fileEncoding = 4; lastKnownFileType = sourcecode.swift; path = ChatViewController.swift; sourceTree = "<group>"; };
		D8A498531EFF9F9C00F88273 /* ChatViewController.xib */ = {isa = PBXFileReference; fileEncoding = 4; lastKnownFileType = file.xib; path = ChatViewController.xib; sourceTree = "<group>"; };
		D8A498561EFFA82700F88273 /* FakeMessageSender.swift */ = {isa = PBXFileReference; fileEncoding = 4; lastKnownFileType = sourcecode.swift; path = FakeMessageSender.swift; sourceTree = "<group>"; };
		D8A498581EFFA83000F88273 /* FakeDataSource.swift */ = {isa = PBXFileReference; fileEncoding = 4; lastKnownFileType = sourcecode.swift; path = FakeDataSource.swift; sourceTree = "<group>"; };
		D8A4985B1EFFA8A500F88273 /* ChatItemsDemoDecorator.swift */ = {isa = PBXFileReference; fileEncoding = 4; lastKnownFileType = sourcecode.swift; path = ChatItemsDemoDecorator.swift; sourceTree = "<group>"; };
		D8A4985D1EFFA8A800F88273 /* DemoTextMessageViewModel.swift */ = {isa = PBXFileReference; fileEncoding = 4; lastKnownFileType = sourcecode.swift; path = DemoTextMessageViewModel.swift; sourceTree = "<group>"; };
		D8A4985F1EFFA8D700F88273 /* DemoPhotoMessageHandler.swift */ = {isa = PBXFileReference; fileEncoding = 4; lastKnownFileType = sourcecode.swift; path = DemoPhotoMessageHandler.swift; sourceTree = "<group>"; };
		D8A498601EFFA8D700F88273 /* DemoPhotoMessageModel.swift */ = {isa = PBXFileReference; fileEncoding = 4; lastKnownFileType = sourcecode.swift; path = DemoPhotoMessageModel.swift; sourceTree = "<group>"; };
		D8A498611EFFA8D700F88273 /* DemoPhotoMessageViewModel.swift */ = {isa = PBXFileReference; fileEncoding = 4; lastKnownFileType = sourcecode.swift; path = DemoPhotoMessageViewModel.swift; sourceTree = "<group>"; };
		D8A498651EFFA8DA00F88273 /* BaseMessageCollectionViewCellAvatarStyle.swift */ = {isa = PBXFileReference; fileEncoding = 4; lastKnownFileType = sourcecode.swift; path = BaseMessageCollectionViewCellAvatarStyle.swift; sourceTree = "<group>"; };
		D8A498671EFFA8DD00F88273 /* DemoTextMessageHandler.swift */ = {isa = PBXFileReference; fileEncoding = 4; lastKnownFileType = sourcecode.swift; path = DemoTextMessageHandler.swift; sourceTree = "<group>"; };
		D8A498691EFFA90900F88273 /* DemoTextMessageModel.swift */ = {isa = PBXFileReference; fileEncoding = 4; lastKnownFileType = sourcecode.swift; path = DemoTextMessageModel.swift; sourceTree = "<group>"; };
		D8A4986B1EFFA90C00F88273 /* TimeSeparatorModel.swift */ = {isa = PBXFileReference; fileEncoding = 4; lastKnownFileType = sourcecode.swift; path = TimeSeparatorModel.swift; sourceTree = "<group>"; };
		D8A4986C1EFFA90C00F88273 /* TimeSeparatorPresenter.swift */ = {isa = PBXFileReference; fileEncoding = 4; lastKnownFileType = sourcecode.swift; path = TimeSeparatorPresenter.swift; sourceTree = "<group>"; };
		D8A4986D1EFFA90C00F88273 /* TimeSeparatorCollectionViewCell.swift */ = {isa = PBXFileReference; fileEncoding = 4; lastKnownFileType = sourcecode.swift; path = TimeSeparatorCollectionViewCell.swift; sourceTree = "<group>"; };
		D8A498711EFFA93300F88273 /* BaseMessageHandler.swift */ = {isa = PBXFileReference; fileEncoding = 4; lastKnownFileType = sourcecode.swift; path = BaseMessageHandler.swift; sourceTree = "<group>"; };
		D8A498731EFFA96300F88273 /* SendingStatusCollectionViewCell.swift */ = {isa = PBXFileReference; fileEncoding = 4; lastKnownFileType = sourcecode.swift; path = SendingStatusCollectionViewCell.swift; sourceTree = "<group>"; };
		D8A498741EFFA96300F88273 /* SendingStatusCollectionViewCell.xib */ = {isa = PBXFileReference; fileEncoding = 4; lastKnownFileType = file.xib; path = SendingStatusCollectionViewCell.xib; sourceTree = "<group>"; };
		D8A498751EFFA96300F88273 /* SendingStatusPresenter.swift */ = {isa = PBXFileReference; fileEncoding = 4; lastKnownFileType = sourcecode.swift; path = SendingStatusPresenter.swift; sourceTree = "<group>"; };
		D8A498791EFFAB8C00F88273 /* FakeMessageFactory.swift */ = {isa = PBXFileReference; fileEncoding = 4; lastKnownFileType = sourcecode.swift; path = FakeMessageFactory.swift; sourceTree = "<group>"; };
		D8A4987B1EFFAB9E00F88273 /* SlidingDatasSource.swift */ = {isa = PBXFileReference; fileEncoding = 4; lastKnownFileType = sourcecode.swift; path = SlidingDatasSource.swift; sourceTree = "<group>"; };
/* End PBXFileReference section */

/* Begin PBXFrameworksBuildPhase section */
		D88D9F311EFF17CF003F3F8F /* Frameworks */ = {
			isa = PBXFrameworksBuildPhase;
			buildActionMask = 2147483647;
			files = (
				E8C7D33D566C75A2E23F8468 /* Pods_AutoText.framework in Frameworks */,
			);
			runOnlyForDeploymentPostprocessing = 0;
		};
		D88D9F471EFF17CF003F3F8F /* Frameworks */ = {
			isa = PBXFrameworksBuildPhase;
			buildActionMask = 2147483647;
			files = (
				BBD4B00CE494D178A0D85078 /* Pods_AutoTextTests.framework in Frameworks */,
			);
			runOnlyForDeploymentPostprocessing = 0;
		};
		D88D9F521EFF17CF003F3F8F /* Frameworks */ = {
			isa = PBXFrameworksBuildPhase;
			buildActionMask = 2147483647;
			files = (
				1591A824E2414690C37B2ECC /* Pods_AutoTextUITests.framework in Frameworks */,
			);
			runOnlyForDeploymentPostprocessing = 0;
		};
/* End PBXFrameworksBuildPhase section */

/* Begin PBXGroup section */
		62194B988479096240F43FF2 /* Pods */ = {
			isa = PBXGroup;
			children = (
				B9A3905FF09E87F8E7D776B2 /* Pods-AutoText.debug.xcconfig */,
				5A6AD7038EDAF871D3AD2DC8 /* Pods-AutoText.release.xcconfig */,
				610C50AE412ED558FB843D5B /* Pods-AutoTextTests.debug.xcconfig */,
				89FB7B7B27D42392F7EDAABE /* Pods-AutoTextTests.release.xcconfig */,
				88D8CB75794345DE39138439 /* Pods-AutoTextUITests.debug.xcconfig */,
				ACD074DCBC93B0E7DF25A187 /* Pods-AutoTextUITests.release.xcconfig */,
			);
			name = Pods;
			sourceTree = "<group>";
		};
		632296CBED997DBADDD6E0DD /* Frameworks */ = {
			isa = PBXGroup;
			children = (
				0504B9BDA8259BC6D7B36619 /* Pods_AutoText.framework */,
				C34E6C026C0397693E49F563 /* Pods_AutoTextTests.framework */,
				8AB9248D988DE851919D8B30 /* Pods_AutoTextUITests.framework */,
			);
			name = Frameworks;
			sourceTree = "<group>";
		};
		D88D9F2B1EFF17CF003F3F8F = {
			isa = PBXGroup;
			children = (
				D88D9F361EFF17CF003F3F8F /* AutoText */,
				D88D9F4D1EFF17CF003F3F8F /* AutoTextTests */,
				D88D9F581EFF17CF003F3F8F /* AutoTextUITests */,
				D88D9F351EFF17CF003F3F8F /* Products */,
				62194B988479096240F43FF2 /* Pods */,
				632296CBED997DBADDD6E0DD /* Frameworks */,
			);
			sourceTree = "<group>";
		};
		D88D9F351EFF17CF003F3F8F /* Products */ = {
			isa = PBXGroup;
			children = (
				D88D9F341EFF17CF003F3F8F /* AutoText.app */,
				D88D9F4A1EFF17CF003F3F8F /* AutoTextTests.xctest */,
				D88D9F551EFF17CF003F3F8F /* AutoTextUITests.xctest */,
			);
			name = Products;
			sourceTree = "<group>";
		};
		D88D9F361EFF17CF003F3F8F /* AutoText */ = {
			isa = PBXGroup;
			children = (
				D8A4984D1EFF58F800F88273 /* Profile Pics */,
				D87B50A41EFF281D00404EEB /* ServerTools.swift */,
				D8A498521EFF9F9C00F88273 /* ChatViewController.swift */,
				D8A498531EFF9F9C00F88273 /* ChatViewController.xib */,
				D8A4985A1EFFA83600F88273 /* CHattoDemos */,
				D88D9F371EFF17CF003F3F8F /* AppDelegate.swift */,
				D88D9F391EFF17CF003F3F8F /* FirstViewController.swift */,
				D88D9F3B1EFF17CF003F3F8F /* SecondViewController.swift */,
				D88D9F3D1EFF17CF003F3F8F /* Main.storyboard */,
				D88D9F401EFF17CF003F3F8F /* Assets.xcassets */,
				D88D9F421EFF17CF003F3F8F /* LaunchScreen.storyboard */,
				D8A46FCB1EFF321E0000BCBF /* QuestionViewController.swift */,
				D8A46FD21EFF45300000BCBF /* QuestionTableViewCell.swift */,
				D8A46FD31EFF45300000BCBF /* QuestionTableViewCell.xib */,
				D88D9F451EFF17CF003F3F8F /* Info.plist */,
			);
			path = AutoText;
			sourceTree = "<group>";
		};
		D88D9F4D1EFF17CF003F3F8F /* AutoTextTests */ = {
			isa = PBXGroup;
			children = (
				D88D9F4E1EFF17CF003F3F8F /* AutoTextTests.swift */,
				D88D9F501EFF17CF003F3F8F /* Info.plist */,
			);
			path = AutoTextTests;
			sourceTree = "<group>";
		};
		D88D9F581EFF17CF003F3F8F /* AutoTextUITests */ = {
			isa = PBXGroup;
			children = (
				D88D9F591EFF17CF003F3F8F /* AutoTextUITests.swift */,
				D88D9F5B1EFF17CF003F3F8F /* Info.plist */,
			);
			path = AutoTextUITests;
			sourceTree = "<group>";
		};
		D8A4984D1EFF58F800F88273 /* Profile Pics */ = {
			isa = PBXGroup;
			children = (
				D8A498471EFF58F300F88273 /* boy */,
				D8A498481EFF58F300F88273 /* girl */,
				D8A498491EFF58F300F88273 /* girl2 */,
			);
			name = "Profile Pics";
			sourceTree = "<group>";
		};
		D8A4985A1EFFA83600F88273 /* CHattoDemos */ = {
			isa = PBXGroup;
			children = (
				D8A498731EFFA96300F88273 /* SendingStatusCollectionViewCell.swift */,
				D8A498741EFFA96300F88273 /* SendingStatusCollectionViewCell.xib */,
				D8A498791EFFAB8C00F88273 /* FakeMessageFactory.swift */,
				D8A498751EFFA96300F88273 /* SendingStatusPresenter.swift */,
				D8A498561EFFA82700F88273 /* FakeMessageSender.swift */,
				D8A4987B1EFFAB9E00F88273 /* SlidingDatasSource.swift */,
				D8A498711EFFA93300F88273 /* BaseMessageHandler.swift */,
				D8A4985D1EFFA8A800F88273 /* DemoTextMessageViewModel.swift */,
				D8A498651EFFA8DA00F88273 /* BaseMessageCollectionViewCellAvatarStyle.swift */,
				D8A4985F1EFFA8D700F88273 /* DemoPhotoMessageHandler.swift */,
				D8A498601EFFA8D700F88273 /* DemoPhotoMessageModel.swift */,
				D8A498691EFFA90900F88273 /* DemoTextMessageModel.swift */,
				D8A498671EFFA8DD00F88273 /* DemoTextMessageHandler.swift */,
				D8A4986B1EFFA90C00F88273 /* TimeSeparatorModel.swift */,
				D8A4986C1EFFA90C00F88273 /* TimeSeparatorPresenter.swift */,
				D8A4986D1EFFA90C00F88273 /* TimeSeparatorCollectionViewCell.swift */,
				D8A498611EFFA8D700F88273 /* DemoPhotoMessageViewModel.swift */,
				D8A4985B1EFFA8A500F88273 /* ChatItemsDemoDecorator.swift */,
				D8A498581EFFA83000F88273 /* FakeDataSource.swift */,
			);
			name = CHattoDemos;
			sourceTree = "<group>";
		};
/* End PBXGroup section */

/* Begin PBXNativeTarget section */
		D88D9F331EFF17CF003F3F8F /* AutoText */ = {
			isa = PBXNativeTarget;
			buildConfigurationList = D88D9F5E1EFF17CF003F3F8F /* Build configuration list for PBXNativeTarget "AutoText" */;
			buildPhases = (
				DA42FD327908A3CFC7FAFFE3 /* [CP] Check Pods Manifest.lock */,
				D88D9F301EFF17CF003F3F8F /* Sources */,
				D88D9F311EFF17CF003F3F8F /* Frameworks */,
				D88D9F321EFF17CF003F3F8F /* Resources */,
				FF9E9E740FB74F77E2290C69 /* [CP] Embed Pods Frameworks */,
				6578DFB95760458960A4E023 /* [CP] Copy Pods Resources */,
			);
			buildRules = (
			);
			dependencies = (
			);
			name = AutoText;
			productName = AutoText;
			productReference = D88D9F341EFF17CF003F3F8F /* AutoText.app */;
			productType = "com.apple.product-type.application";
		};
		D88D9F491EFF17CF003F3F8F /* AutoTextTests */ = {
			isa = PBXNativeTarget;
			buildConfigurationList = D88D9F611EFF17CF003F3F8F /* Build configuration list for PBXNativeTarget "AutoTextTests" */;
			buildPhases = (
				D0701419ADF85D1921D78F14 /* [CP] Check Pods Manifest.lock */,
				D88D9F461EFF17CF003F3F8F /* Sources */,
				D88D9F471EFF17CF003F3F8F /* Frameworks */,
				D88D9F481EFF17CF003F3F8F /* Resources */,
				F82866D968DC4360816CF787 /* [CP] Embed Pods Frameworks */,
				34CD718BFEBD469087EF74D7 /* [CP] Copy Pods Resources */,
			);
			buildRules = (
			);
			dependencies = (
				D88D9F4C1EFF17CF003F3F8F /* PBXTargetDependency */,
			);
			name = AutoTextTests;
			productName = AutoTextTests;
			productReference = D88D9F4A1EFF17CF003F3F8F /* AutoTextTests.xctest */;
			productType = "com.apple.product-type.bundle.unit-test";
		};
		D88D9F541EFF17CF003F3F8F /* AutoTextUITests */ = {
			isa = PBXNativeTarget;
			buildConfigurationList = D88D9F641EFF17CF003F3F8F /* Build configuration list for PBXNativeTarget "AutoTextUITests" */;
			buildPhases = (
				67D988FEE35DBA1084793922 /* [CP] Check Pods Manifest.lock */,
				D88D9F511EFF17CF003F3F8F /* Sources */,
				D88D9F521EFF17CF003F3F8F /* Frameworks */,
				D88D9F531EFF17CF003F3F8F /* Resources */,
				FE4F7BEB5CB1709E89D2E71C /* [CP] Copy Pods Resources */,
			);
			buildRules = (
			);
			dependencies = (
				D88D9F571EFF17CF003F3F8F /* PBXTargetDependency */,
			);
			name = AutoTextUITests;
			productName = AutoTextUITests;
			productReference = D88D9F551EFF17CF003F3F8F /* AutoTextUITests.xctest */;
			productType = "com.apple.product-type.bundle.ui-testing";
		};
/* End PBXNativeTarget section */

/* Begin PBXProject section */
		D88D9F2C1EFF17CF003F3F8F /* Project object */ = {
			isa = PBXProject;
			attributes = {
				LastSwiftUpdateCheck = 0830;
				LastUpgradeCheck = 0830;
				ORGANIZATIONNAME = "Nathan khosla";
				TargetAttributes = {
					D88D9F331EFF17CF003F3F8F = {
						CreatedOnToolsVersion = 8.3.3;
						LastSwiftMigration = 0830;
						ProvisioningStyle = Automatic;
					};
					D88D9F491EFF17CF003F3F8F = {
						CreatedOnToolsVersion = 8.3.3;
						LastSwiftMigration = 0830;
						ProvisioningStyle = Automatic;
						TestTargetID = D88D9F331EFF17CF003F3F8F;
					};
					D88D9F541EFF17CF003F3F8F = {
						CreatedOnToolsVersion = 8.3.3;
						LastSwiftMigration = 0830;
						ProvisioningStyle = Automatic;
						TestTargetID = D88D9F331EFF17CF003F3F8F;
					};
				};
			};
			buildConfigurationList = D88D9F2F1EFF17CF003F3F8F /* Build configuration list for PBXProject "AutoText" */;
			compatibilityVersion = "Xcode 3.2";
			developmentRegion = English;
			hasScannedForEncodings = 0;
			knownRegions = (
				en,
				Base,
			);
			mainGroup = D88D9F2B1EFF17CF003F3F8F;
			productRefGroup = D88D9F351EFF17CF003F3F8F /* Products */;
			projectDirPath = "";
			projectRoot = "";
			targets = (
				D88D9F331EFF17CF003F3F8F /* AutoText */,
				D88D9F491EFF17CF003F3F8F /* AutoTextTests */,
				D88D9F541EFF17CF003F3F8F /* AutoTextUITests */,
			);
		};
/* End PBXProject section */

/* Begin PBXResourcesBuildPhase section */
		D88D9F321EFF17CF003F3F8F /* Resources */ = {
			isa = PBXResourcesBuildPhase;
			buildActionMask = 2147483647;
			files = (
				D8A4984C1EFF58F300F88273 /* girl2 in Resources */,
				D8A4984A1EFF58F300F88273 /* boy in Resources */,
				D88D9F441EFF17CF003F3F8F /* LaunchScreen.storyboard in Resources */,
				D8A46FD51EFF45300000BCBF /* QuestionTableViewCell.xib in Resources */,
				D8A4984B1EFF58F300F88273 /* girl in Resources */,
				D88D9F411EFF17CF003F3F8F /* Assets.xcassets in Resources */,
				D8A498771EFFA96300F88273 /* SendingStatusCollectionViewCell.xib in Resources */,
				D8A498551EFF9F9C00F88273 /* ChatViewController.xib in Resources */,
				D88D9F3F1EFF17CF003F3F8F /* Main.storyboard in Resources */,
			);
			runOnlyForDeploymentPostprocessing = 0;
		};
		D88D9F481EFF17CF003F3F8F /* Resources */ = {
			isa = PBXResourcesBuildPhase;
			buildActionMask = 2147483647;
			files = (
			);
			runOnlyForDeploymentPostprocessing = 0;
		};
		D88D9F531EFF17CF003F3F8F /* Resources */ = {
			isa = PBXResourcesBuildPhase;
			buildActionMask = 2147483647;
			files = (
			);
			runOnlyForDeploymentPostprocessing = 0;
		};
/* End PBXResourcesBuildPhase section */

/* Begin PBXShellScriptBuildPhase section */
		34CD718BFEBD469087EF74D7 /* [CP] Copy Pods Resources */ = {
			isa = PBXShellScriptBuildPhase;
			buildActionMask = 2147483647;
			files = (
			);
			inputPaths = (
			);
			name = "[CP] Copy Pods Resources";
			outputPaths = (
			);
			runOnlyForDeploymentPostprocessing = 0;
			shellPath = /bin/sh;
			shellScript = "\"${SRCROOT}/Pods/Target Support Files/Pods-AutoTextTests/Pods-AutoTextTests-resources.sh\"\n";
			showEnvVarsInLog = 0;
		};
		6578DFB95760458960A4E023 /* [CP] Copy Pods Resources */ = {
			isa = PBXShellScriptBuildPhase;
			buildActionMask = 2147483647;
			files = (
			);
			inputPaths = (
			);
			name = "[CP] Copy Pods Resources";
			outputPaths = (
			);
			runOnlyForDeploymentPostprocessing = 0;
			shellPath = /bin/sh;
			shellScript = "\"${SRCROOT}/Pods/Target Support Files/Pods-AutoText/Pods-AutoText-resources.sh\"\n";
			showEnvVarsInLog = 0;
		};
		67D988FEE35DBA1084793922 /* [CP] Check Pods Manifest.lock */ = {
			isa = PBXShellScriptBuildPhase;
			buildActionMask = 2147483647;
			files = (
			);
			inputPaths = (
			);
			name = "[CP] Check Pods Manifest.lock";
			outputPaths = (
			);
			runOnlyForDeploymentPostprocessing = 0;
			shellPath = /bin/sh;
			shellScript = "diff \"${PODS_ROOT}/../Podfile.lock\" \"${PODS_ROOT}/Manifest.lock\" > /dev/null\nif [[ $? != 0 ]] ; then\n    cat << EOM\nerror: The sandbox is not in sync with the Podfile.lock. Run 'pod install' or update your CocoaPods installation.\nEOM\n    exit 1\nfi\n";
			showEnvVarsInLog = 0;
		};
		D0701419ADF85D1921D78F14 /* [CP] Check Pods Manifest.lock */ = {
			isa = PBXShellScriptBuildPhase;
			buildActionMask = 2147483647;
			files = (
			);
			inputPaths = (
			);
			name = "[CP] Check Pods Manifest.lock";
			outputPaths = (
			);
			runOnlyForDeploymentPostprocessing = 0;
			shellPath = /bin/sh;
			shellScript = "diff \"${PODS_ROOT}/../Podfile.lock\" \"${PODS_ROOT}/Manifest.lock\" > /dev/null\nif [[ $? != 0 ]] ; then\n    cat << EOM\nerror: The sandbox is not in sync with the Podfile.lock. Run 'pod install' or update your CocoaPods installation.\nEOM\n    exit 1\nfi\n";
			showEnvVarsInLog = 0;
		};
		DA42FD327908A3CFC7FAFFE3 /* [CP] Check Pods Manifest.lock */ = {
			isa = PBXShellScriptBuildPhase;
			buildActionMask = 2147483647;
			files = (
			);
			inputPaths = (
			);
			name = "[CP] Check Pods Manifest.lock";
			outputPaths = (
			);
			runOnlyForDeploymentPostprocessing = 0;
			shellPath = /bin/sh;
			shellScript = "diff \"${PODS_ROOT}/../Podfile.lock\" \"${PODS_ROOT}/Manifest.lock\" > /dev/null\nif [[ $? != 0 ]] ; then\n    cat << EOM\nerror: The sandbox is not in sync with the Podfile.lock. Run 'pod install' or update your CocoaPods installation.\nEOM\n    exit 1\nfi\n";
			showEnvVarsInLog = 0;
		};
		F82866D968DC4360816CF787 /* [CP] Embed Pods Frameworks */ = {
			isa = PBXShellScriptBuildPhase;
			buildActionMask = 2147483647;
			files = (
			);
			inputPaths = (
			);
			name = "[CP] Embed Pods Frameworks";
			outputPaths = (
			);
			runOnlyForDeploymentPostprocessing = 0;
			shellPath = /bin/sh;
			shellScript = "\"${SRCROOT}/Pods/Target Support Files/Pods-AutoTextTests/Pods-AutoTextTests-frameworks.sh\"\n";
			showEnvVarsInLog = 0;
		};
		FE4F7BEB5CB1709E89D2E71C /* [CP] Copy Pods Resources */ = {
			isa = PBXShellScriptBuildPhase;
			buildActionMask = 2147483647;
			files = (
			);
			inputPaths = (
			);
			name = "[CP] Copy Pods Resources";
			outputPaths = (
			);
			runOnlyForDeploymentPostprocessing = 0;
			shellPath = /bin/sh;
			shellScript = "\"${SRCROOT}/Pods/Target Support Files/Pods-AutoTextUITests/Pods-AutoTextUITests-resources.sh\"\n";
			showEnvVarsInLog = 0;
		};
		FF9E9E740FB74F77E2290C69 /* [CP] Embed Pods Frameworks */ = {
			isa = PBXShellScriptBuildPhase;
			buildActionMask = 2147483647;
			files = (
			);
			inputPaths = (
			);
			name = "[CP] Embed Pods Frameworks";
			outputPaths = (
			);
			runOnlyForDeploymentPostprocessing = 0;
			shellPath = /bin/sh;
			shellScript = "\"${SRCROOT}/Pods/Target Support Files/Pods-AutoText/Pods-AutoText-frameworks.sh\"\n";
			showEnvVarsInLog = 0;
		};
/* End PBXShellScriptBuildPhase section */

/* Begin PBXSourcesBuildPhase section */
		D88D9F301EFF17CF003F3F8F /* Sources */ = {
			isa = PBXSourcesBuildPhase;
			buildActionMask = 2147483647;
			files = (
				D87B50A51EFF281D00404EEB /* ServerTools.swift in Sources */,
				D8A46FCC1EFF321E0000BCBF /* QuestionViewController.swift in Sources */,
				D8A4986A1EFFA90900F88273 /* DemoTextMessageModel.swift in Sources */,
				D8A498721EFFA93300F88273 /* BaseMessageHandler.swift in Sources */,
				D88D9F3C1EFF17CF003F3F8F /* SecondViewController.swift in Sources */,
				D8A498781EFFA96300F88273 /* SendingStatusPresenter.swift in Sources */,
				D8A498761EFFA96300F88273 /* SendingStatusCollectionViewCell.swift in Sources */,
				D8A498631EFFA8D700F88273 /* DemoPhotoMessageModel.swift in Sources */,
				D8A498681EFFA8DD00F88273 /* DemoTextMessageHandler.swift in Sources */,
				D8A498641EFFA8D700F88273 /* DemoPhotoMessageViewModel.swift in Sources */,
				D8A498541EFF9F9C00F88273 /* ChatViewController.swift in Sources */,
				D8A498661EFFA8DA00F88273 /* BaseMessageCollectionViewCellAvatarStyle.swift in Sources */,
				D8A46FD41EFF45300000BCBF /* QuestionTableViewCell.swift in Sources */,
				D8A498591EFFA83000F88273 /* FakeDataSource.swift in Sources */,
				D8A498701EFFA90C00F88273 /* TimeSeparatorCollectionViewCell.swift in Sources */,
				D88D9F381EFF17CF003F3F8F /* AppDelegate.swift in Sources */,
				D8A4986E1EFFA90C00F88273 /* TimeSeparatorModel.swift in Sources */,
				D88D9F3A1EFF17CF003F3F8F /* FirstViewController.swift in Sources */,
				D8A498571EFFA82700F88273 /* FakeMessageSender.swift in Sources */,
				D8A4985E1EFFA8A800F88273 /* DemoTextMessageViewModel.swift in Sources */,
				D8A4986F1EFFA90C00F88273 /* TimeSeparatorPresenter.swift in Sources */,
				D8A498621EFFA8D700F88273 /* DemoPhotoMessageHandler.swift in Sources */,
				D8A4987C1EFFAB9E00F88273 /* SlidingDatasSource.swift in Sources */,
				D8A4985C1EFFA8A500F88273 /* ChatItemsDemoDecorator.swift in Sources */,
				D8A4987A1EFFAB8C00F88273 /* FakeMessageFactory.swift in Sources */,
			);
			runOnlyForDeploymentPostprocessing = 0;
		};
		D88D9F461EFF17CF003F3F8F /* Sources */ = {
			isa = PBXSourcesBuildPhase;
			buildActionMask = 2147483647;
			files = (
				D88D9F4F1EFF17CF003F3F8F /* AutoTextTests.swift in Sources */,
			);
			runOnlyForDeploymentPostprocessing = 0;
		};
		D88D9F511EFF17CF003F3F8F /* Sources */ = {
			isa = PBXSourcesBuildPhase;
			buildActionMask = 2147483647;
			files = (
				D88D9F5A1EFF17CF003F3F8F /* AutoTextUITests.swift in Sources */,
			);
			runOnlyForDeploymentPostprocessing = 0;
		};
/* End PBXSourcesBuildPhase section */

/* Begin PBXTargetDependency section */
		D88D9F4C1EFF17CF003F3F8F /* PBXTargetDependency */ = {
			isa = PBXTargetDependency;
			target = D88D9F331EFF17CF003F3F8F /* AutoText */;
			targetProxy = D88D9F4B1EFF17CF003F3F8F /* PBXContainerItemProxy */;
		};
		D88D9F571EFF17CF003F3F8F /* PBXTargetDependency */ = {
			isa = PBXTargetDependency;
			target = D88D9F331EFF17CF003F3F8F /* AutoText */;
			targetProxy = D88D9F561EFF17CF003F3F8F /* PBXContainerItemProxy */;
		};
/* End PBXTargetDependency section */

/* Begin PBXVariantGroup section */
		D88D9F3D1EFF17CF003F3F8F /* Main.storyboard */ = {
			isa = PBXVariantGroup;
			children = (
				D88D9F3E1EFF17CF003F3F8F /* Base */,
			);
			name = Main.storyboard;
			sourceTree = "<group>";
		};
		D88D9F421EFF17CF003F3F8F /* LaunchScreen.storyboard */ = {
			isa = PBXVariantGroup;
			children = (
				D88D9F431EFF17CF003F3F8F /* Base */,
			);
			name = LaunchScreen.storyboard;
			sourceTree = "<group>";
		};
/* End PBXVariantGroup section */

/* Begin XCBuildConfiguration section */
		D88D9F5C1EFF17CF003F3F8F /* Debug */ = {
			isa = XCBuildConfiguration;
			buildSettings = {
				ALWAYS_SEARCH_USER_PATHS = NO;
				CLANG_ANALYZER_NONNULL = YES;
				CLANG_ANALYZER_NUMBER_OBJECT_CONVERSION = YES_AGGRESSIVE;
				CLANG_CXX_LANGUAGE_STANDARD = "gnu++0x";
				CLANG_CXX_LIBRARY = "libc++";
				CLANG_ENABLE_MODULES = YES;
				CLANG_ENABLE_OBJC_ARC = YES;
				CLANG_WARN_BOOL_CONVERSION = YES;
				CLANG_WARN_CONSTANT_CONVERSION = YES;
				CLANG_WARN_DIRECT_OBJC_ISA_USAGE = YES_ERROR;
				CLANG_WARN_DOCUMENTATION_COMMENTS = YES;
				CLANG_WARN_EMPTY_BODY = YES;
				CLANG_WARN_ENUM_CONVERSION = YES;
				CLANG_WARN_INFINITE_RECURSION = YES;
				CLANG_WARN_INT_CONVERSION = YES;
				CLANG_WARN_OBJC_ROOT_CLASS = YES_ERROR;
				CLANG_WARN_SUSPICIOUS_MOVE = YES;
				CLANG_WARN_UNREACHABLE_CODE = YES;
				CLANG_WARN__DUPLICATE_METHOD_MATCH = YES;
				"CODE_SIGN_IDENTITY[sdk=iphoneos*]" = "iPhone Developer";
				COPY_PHASE_STRIP = NO;
				DEBUG_INFORMATION_FORMAT = dwarf;
				ENABLE_STRICT_OBJC_MSGSEND = YES;
				ENABLE_TESTABILITY = YES;
				GCC_C_LANGUAGE_STANDARD = gnu99;
				GCC_DYNAMIC_NO_PIC = NO;
				GCC_NO_COMMON_BLOCKS = YES;
				GCC_OPTIMIZATION_LEVEL = 0;
				GCC_PREPROCESSOR_DEFINITIONS = (
					"DEBUG=1",
					"$(inherited)",
				);
				GCC_WARN_64_TO_32_BIT_CONVERSION = YES;
				GCC_WARN_ABOUT_RETURN_TYPE = YES_ERROR;
				GCC_WARN_UNDECLARED_SELECTOR = YES;
				GCC_WARN_UNINITIALIZED_AUTOS = YES_AGGRESSIVE;
				GCC_WARN_UNUSED_FUNCTION = YES;
				GCC_WARN_UNUSED_VARIABLE = YES;
				IPHONEOS_DEPLOYMENT_TARGET = 10.3;
				MTL_ENABLE_DEBUG_INFO = YES;
				ONLY_ACTIVE_ARCH = YES;
				SDKROOT = iphoneos;
				SWIFT_ACTIVE_COMPILATION_CONDITIONS = DEBUG;
				SWIFT_OPTIMIZATION_LEVEL = "-Onone";
			};
			name = Debug;
		};
		D88D9F5D1EFF17CF003F3F8F /* Release */ = {
			isa = XCBuildConfiguration;
			buildSettings = {
				ALWAYS_SEARCH_USER_PATHS = NO;
				CLANG_ANALYZER_NONNULL = YES;
				CLANG_ANALYZER_NUMBER_OBJECT_CONVERSION = YES_AGGRESSIVE;
				CLANG_CXX_LANGUAGE_STANDARD = "gnu++0x";
				CLANG_CXX_LIBRARY = "libc++";
				CLANG_ENABLE_MODULES = YES;
				CLANG_ENABLE_OBJC_ARC = YES;
				CLANG_WARN_BOOL_CONVERSION = YES;
				CLANG_WARN_CONSTANT_CONVERSION = YES;
				CLANG_WARN_DIRECT_OBJC_ISA_USAGE = YES_ERROR;
				CLANG_WARN_DOCUMENTATION_COMMENTS = YES;
				CLANG_WARN_EMPTY_BODY = YES;
				CLANG_WARN_ENUM_CONVERSION = YES;
				CLANG_WARN_INFINITE_RECURSION = YES;
				CLANG_WARN_INT_CONVERSION = YES;
				CLANG_WARN_OBJC_ROOT_CLASS = YES_ERROR;
				CLANG_WARN_SUSPICIOUS_MOVE = YES;
				CLANG_WARN_UNREACHABLE_CODE = YES;
				CLANG_WARN__DUPLICATE_METHOD_MATCH = YES;
				"CODE_SIGN_IDENTITY[sdk=iphoneos*]" = "iPhone Developer";
				COPY_PHASE_STRIP = NO;
				DEBUG_INFORMATION_FORMAT = "dwarf-with-dsym";
				ENABLE_NS_ASSERTIONS = NO;
				ENABLE_STRICT_OBJC_MSGSEND = YES;
				GCC_C_LANGUAGE_STANDARD = gnu99;
				GCC_NO_COMMON_BLOCKS = YES;
				GCC_WARN_64_TO_32_BIT_CONVERSION = YES;
				GCC_WARN_ABOUT_RETURN_TYPE = YES_ERROR;
				GCC_WARN_UNDECLARED_SELECTOR = YES;
				GCC_WARN_UNINITIALIZED_AUTOS = YES_AGGRESSIVE;
				GCC_WARN_UNUSED_FUNCTION = YES;
				GCC_WARN_UNUSED_VARIABLE = YES;
				IPHONEOS_DEPLOYMENT_TARGET = 10.3;
				MTL_ENABLE_DEBUG_INFO = NO;
				SDKROOT = iphoneos;
				SWIFT_OPTIMIZATION_LEVEL = "-Owholemodule";
				VALIDATE_PRODUCT = YES;
			};
			name = Release;
		};
		D88D9F5F1EFF17CF003F3F8F /* Debug */ = {
			isa = XCBuildConfiguration;
			baseConfigurationReference = B9A3905FF09E87F8E7D776B2 /* Pods-AutoText.debug.xcconfig */;
			buildSettings = {
				ASSETCATALOG_COMPILER_APPICON_NAME = AppIcon;
				INFOPLIST_FILE = AutoText/Info.plist;
				IPHONEOS_DEPLOYMENT_TARGET = 10.3;
				LD_RUNPATH_SEARCH_PATHS = "$(inherited) @executable_path/Frameworks";
				PRODUCT_BUNDLE_IDENTIFIER = com.nkhosla.AutoText;
				PRODUCT_NAME = "$(TARGET_NAME)";
				SWIFT_VERSION = 3.0;
			};
			name = Debug;
		};
		D88D9F601EFF17CF003F3F8F /* Release */ = {
			isa = XCBuildConfiguration;
			baseConfigurationReference = 5A6AD7038EDAF871D3AD2DC8 /* Pods-AutoText.release.xcconfig */;
			buildSettings = {
				ASSETCATALOG_COMPILER_APPICON_NAME = AppIcon;
				INFOPLIST_FILE = AutoText/Info.plist;
				IPHONEOS_DEPLOYMENT_TARGET = 10.3;
				LD_RUNPATH_SEARCH_PATHS = "$(inherited) @executable_path/Frameworks";
				PRODUCT_BUNDLE_IDENTIFIER = com.nkhosla.AutoText;
				PRODUCT_NAME = "$(TARGET_NAME)";
				SWIFT_VERSION = 3.0;
			};
			name = Release;
		};
		D88D9F621EFF17CF003F3F8F /* Debug */ = {
			isa = XCBuildConfiguration;
			baseConfigurationReference = 610C50AE412ED558FB843D5B /* Pods-AutoTextTests.debug.xcconfig */;
			buildSettings = {
				ALWAYS_EMBED_SWIFT_STANDARD_LIBRARIES = YES;
				BUNDLE_LOADER = "$(TEST_HOST)";
				INFOPLIST_FILE = AutoTextTests/Info.plist;
				LD_RUNPATH_SEARCH_PATHS = "$(inherited) @executable_path/Frameworks @loader_path/Frameworks";
				PRODUCT_BUNDLE_IDENTIFIER = com.nkhosla.AutoTextTests;
				PRODUCT_NAME = "$(TARGET_NAME)";
				SWIFT_VERSION = 3.0;
				TEST_HOST = "$(BUILT_PRODUCTS_DIR)/AutoText.app/AutoText";
			};
			name = Debug;
		};
		D88D9F631EFF17CF003F3F8F /* Release */ = {
			isa = XCBuildConfiguration;
			baseConfigurationReference = 89FB7B7B27D42392F7EDAABE /* Pods-AutoTextTests.release.xcconfig */;
			buildSettings = {
				ALWAYS_EMBED_SWIFT_STANDARD_LIBRARIES = YES;
				BUNDLE_LOADER = "$(TEST_HOST)";
				INFOPLIST_FILE = AutoTextTests/Info.plist;
				LD_RUNPATH_SEARCH_PATHS = "$(inherited) @executable_path/Frameworks @loader_path/Frameworks";
				PRODUCT_BUNDLE_IDENTIFIER = com.nkhosla.AutoTextTests;
				PRODUCT_NAME = "$(TARGET_NAME)";
				SWIFT_VERSION = 3.0;
				TEST_HOST = "$(BUILT_PRODUCTS_DIR)/AutoText.app/AutoText";
			};
			name = Release;
		};
		D88D9F651EFF17CF003F3F8F /* Debug */ = {
			isa = XCBuildConfiguration;
			baseConfigurationReference = 88D8CB75794345DE39138439 /* Pods-AutoTextUITests.debug.xcconfig */;
			buildSettings = {
				ALWAYS_EMBED_SWIFT_STANDARD_LIBRARIES = YES;
				INFOPLIST_FILE = AutoTextUITests/Info.plist;
				LD_RUNPATH_SEARCH_PATHS = "$(inherited) @executable_path/Frameworks @loader_path/Frameworks";
				PRODUCT_BUNDLE_IDENTIFIER = com.nkhosla.AutoTextUITests;
				PRODUCT_NAME = "$(TARGET_NAME)";
				SWIFT_VERSION = 3.0;
				TEST_TARGET_NAME = AutoText;
			};
			name = Debug;
		};
		D88D9F661EFF17CF003F3F8F /* Release */ = {
			isa = XCBuildConfiguration;
			baseConfigurationReference = ACD074DCBC93B0E7DF25A187 /* Pods-AutoTextUITests.release.xcconfig */;
			buildSettings = {
				ALWAYS_EMBED_SWIFT_STANDARD_LIBRARIES = YES;
				INFOPLIST_FILE = AutoTextUITests/Info.plist;
				LD_RUNPATH_SEARCH_PATHS = "$(inherited) @executable_path/Frameworks @loader_path/Frameworks";
				PRODUCT_BUNDLE_IDENTIFIER = com.nkhosla.AutoTextUITests;
				PRODUCT_NAME = "$(TARGET_NAME)";
				SWIFT_VERSION = 3.0;
				TEST_TARGET_NAME = AutoText;
			};
			name = Release;
		};
/* End XCBuildConfiguration section */

/* Begin XCConfigurationList section */
		D88D9F2F1EFF17CF003F3F8F /* Build configuration list for PBXProject "AutoText" */ = {
			isa = XCConfigurationList;
			buildConfigurations = (
				D88D9F5C1EFF17CF003F3F8F /* Debug */,
				D88D9F5D1EFF17CF003F3F8F /* Release */,
			);
			defaultConfigurationIsVisible = 0;
			defaultConfigurationName = Release;
		};
		D88D9F5E1EFF17CF003F3F8F /* Build configuration list for PBXNativeTarget "AutoText" */ = {
			isa = XCConfigurationList;
			buildConfigurations = (
				D88D9F5F1EFF17CF003F3F8F /* Debug */,
				D88D9F601EFF17CF003F3F8F /* Release */,
			);
			defaultConfigurationIsVisible = 0;
			defaultConfigurationName = Release;
		};
		D88D9F611EFF17CF003F3F8F /* Build configuration list for PBXNativeTarget "AutoTextTests" */ = {
			isa = XCConfigurationList;
			buildConfigurations = (
				D88D9F621EFF17CF003F3F8F /* Debug */,
				D88D9F631EFF17CF003F3F8F /* Release */,
			);
			defaultConfigurationIsVisible = 0;
			defaultConfigurationName = Release;
		};
		D88D9F641EFF17CF003F3F8F /* Build configuration list for PBXNativeTarget "AutoTextUITests" */ = {
			isa = XCConfigurationList;
			buildConfigurations = (
				D88D9F651EFF17CF003F3F8F /* Debug */,
				D88D9F661EFF17CF003F3F8F /* Release */,
			);
			defaultConfigurationIsVisible = 0;
			defaultConfigurationName = Release;
		};
/* End XCConfigurationList section */
	};
	rootObject = D88D9F2C1EFF17CF003F3F8F /* Project object */;
}
