PODS:
  - Alamofire (4.5.0)
  - Chatto (3.1.0)
  - ChattoAdditions (3.1.0):
    - Chatto
  - PopupDialog (0.5.4)

DEPENDENCIES:
  - Alamofire (~> 4.4)
  - Chatto (= 3.1.0)
  - ChattoAdditions (= 3.1.0)
  - PopupDialog (~> 0.5)

SPEC CHECKSUMS:
  Alamofire: f28cdffd29de33a7bfa022cbd63ae95a27fae140
  Chatto: d959be2d284db62c713c68d7c39f2712ff902fa2
  ChattoAdditions: 64cfe2d3414a65d2d6bc8a1c5704df491eec28b6
  PopupDialog: 75cf955693590b0cb2fdde00223fb65d99c57247

PODFILE CHECKSUM: 2704976004f162ab887c506286975c60351787a9

COCOAPODS: 1.0.1
